PODS:
  - SnapKit (5.0.1)
  - SwiftLint (0.41.0)
  - WTestToolKit (0.1.0)
  - WTestToolKit/Tests (0.1.0)

DEPENDENCIES:
  - SnapKit (~> 5.0)
  - SwiftLint
  - WTestToolKit (from `../`)
  - WTestToolKit/Tests (from `../`)

SPEC REPOS:
  https://github.com/CocoaPods/Specs.git:
    - SnapKit
    - SwiftLint

EXTERNAL SOURCES:
  WTestToolKit:
    :path: "../"

SPEC CHECKSUMS:
  SnapKit: 97b92857e3df3a0c71833cce143274bf6ef8e5eb
  SwiftLint: c585ebd615d9520d7fbdbe151f527977b0534f1e
  WTestToolKit: 00f36f6b30fc16b4e79462798c3bc2014f3a9056

PODFILE CHECKSUM: 1b97182bda6db4a0d3a787b4db8d1a8b388c7f5c

COCOAPODS: 1.10.1
