// !$*UTF8*$!
{
	archiveVersion = 1;
	classes = {
	};
	objectVersion = 46;
	objects = {

/* Begin PBXBuildFile section */
		2641C73426ABE8FE00132A6B /* ContainerView.swift in Sources */ = {isa = PBXBuildFile; fileRef = 2641C73326ABE8FE00132A6B /* ContainerView.swift */; };
		2641C73C26ABF42100132A6B /* TitlesBuild.swift in Sources */ = {isa = PBXBuildFile; fileRef = 2641C73B26ABF42100132A6B /* TitlesBuild.swift */; };
		2641C75126AC0CD400132A6B /* IconsBuild.swift in Sources */ = {isa = PBXBuildFile; fileRef = 2641C75026AC0CD400132A6B /* IconsBuild.swift */; };
		2641C75726AC156700132A6B /* PostalCodeLabelBuild.swift in Sources */ = {isa = PBXBuildFile; fileRef = 2641C75626AC156700132A6B /* PostalCodeLabelBuild.swift */; };
		2641C75926AC183100132A6B /* LocationLabelBuild.swift in Sources */ = {isa = PBXBuildFile; fileRef = 2641C75826AC183100132A6B /* LocationLabelBuild.swift */; };
		2641C75F26AC1D5400132A6B /* PostalAndLocationBuild.swift in Sources */ = {isa = PBXBuildFile; fileRef = 2641C75E26AC1D5400132A6B /* PostalAndLocationBuild.swift */; };
		2641C76826AC339200132A6B /* PostalTableViewBuild.swift in Sources */ = {isa = PBXBuildFile; fileRef = 2641C76726AC339200132A6B /* PostalTableViewBuild.swift */; };
		2641C77726AC708600132A6B /* DownloadAnimationBuild.swift in Sources */ = {isa = PBXBuildFile; fileRef = 2641C77626AC708600132A6B /* DownloadAnimationBuild.swift */; };
		2641C77B26AC746D00132A6B /* CheckmarkAnimationBuild.swift in Sources */ = {isa = PBXBuildFile; fileRef = 2641C77A26AC746D00132A6B /* CheckmarkAnimationBuild.swift */; };
		2641C7A926ADACEE00132A6B /* GradientHorizontalProgressBarBuild.swift in Sources */ = {isa = PBXBuildFile; fileRef = 2641C7A826ADACEE00132A6B /* GradientHorizontalProgressBarBuild.swift */; };
		2697F8A426ADB91D00D0C232 /* WaitAnimationBuild.swift in Sources */ = {isa = PBXBuildFile; fileRef = 2697F8A326ADB91D00D0C232 /* WaitAnimationBuild.swift */; };
		2697F8A826ADD44E00D0C232 /* DownloadBuild.swift in Sources */ = {isa = PBXBuildFile; fileRef = 2697F8A726ADD44E00D0C232 /* DownloadBuild.swift */; };
		26DD707726A89C67004647C1 /* RouterWTestToolKit.swift in Sources */ = {isa = PBXBuildFile; fileRef = 26DD707626A89C67004647C1 /* RouterWTestToolKit.swift */; };
		26DD707A26A89CF7004647C1 /* RootBuild.swift in Sources */ = {isa = PBXBuildFile; fileRef = 26DD707926A89CF7004647C1 /* RootBuild.swift */; };
		26DD707C26A89DBC004647C1 /* RootViewController.swift in Sources */ = {isa = PBXBuildFile; fileRef = 26DD707B26A89DBC004647C1 /* RootViewController.swift */; };
		26DD707F26A89E4F004647C1 /* RootInteractor.swift in Sources */ = {isa = PBXBuildFile; fileRef = 26DD707E26A89E4F004647C1 /* RootInteractor.swift */; };
		26DD708126A89E8F004647C1 /* RootPresenter.swift in Sources */ = {isa = PBXBuildFile; fileRef = 26DD708026A89E8F004647C1 /* RootPresenter.swift */; };
		26DD708526A89F2A004647C1 /* RootViewModel.swift in Sources */ = {isa = PBXBuildFile; fileRef = 26DD708426A89F2A004647C1 /* RootViewModel.swift */; };
		26DD708726A8A0B3004647C1 /* RootWorker.swift in Sources */ = {isa = PBXBuildFile; fileRef = 26DD708626A8A0B3004647C1 /* RootWorker.swift */; };
		26DD708A26A8A19B004647C1 /* RootListView.swift in Sources */ = {isa = PBXBuildFile; fileRef = 26DD708926A8A19B004647C1 /* RootListView.swift */; };
		26DD708C26A8A2CF004647C1 /* RootListCell.swift in Sources */ = {isa = PBXBuildFile; fileRef = 26DD708B26A8A2CF004647C1 /* RootListCell.swift */; };
		26DD708F26A9EF8D004647C1 /* AtomicDetailBuild.swift in Sources */ = {isa = PBXBuildFile; fileRef = 26DD708E26A9EF8D004647C1 /* AtomicDetailBuild.swift */; };
		26DD709126A9F001004647C1 /* AtomicDetailViewController.swift in Sources */ = {isa = PBXBuildFile; fileRef = 26DD709026A9F001004647C1 /* AtomicDetailViewController.swift */; };
		26DD709326A9F0AF004647C1 /* AtomicDetailInteractor.swift in Sources */ = {isa = PBXBuildFile; fileRef = 26DD709226A9F0AF004647C1 /* AtomicDetailInteractor.swift */; };
		26DD709526A9F0F2004647C1 /* AtomicDetailPresenter.swift in Sources */ = {isa = PBXBuildFile; fileRef = 26DD709426A9F0F2004647C1 /* AtomicDetailPresenter.swift */; };
		26DD709826A9F125004647C1 /* AtomicDetailWorker.swift in Sources */ = {isa = PBXBuildFile; fileRef = 26DD709726A9F125004647C1 /* AtomicDetailWorker.swift */; };
		26DD709B26A9F173004647C1 /* AtomicDetailViewModel.swift in Sources */ = {isa = PBXBuildFile; fileRef = 26DD709A26A9F173004647C1 /* AtomicDetailViewModel.swift */; };
		26DD709E26A9F1E6004647C1 /* AtomicDetailListView.swift in Sources */ = {isa = PBXBuildFile; fileRef = 26DD709D26A9F1E6004647C1 /* AtomicDetailListView.swift */; };
		26DD70A026A9F210004647C1 /* AtomicDetailListCell.swift in Sources */ = {isa = PBXBuildFile; fileRef = 26DD709F26A9F210004647C1 /* AtomicDetailListCell.swift */; };
		26DD70A226A9F34F004647C1 /* AtomicDetailSectionController.swift in Sources */ = {isa = PBXBuildFile; fileRef = 26DD70A126A9F34F004647C1 /* AtomicDetailSectionController.swift */; };
		26DD70A526A9F514004647C1 /* AtomsGroup.swift in Sources */ = {isa = PBXBuildFile; fileRef = 26DD70A426A9F514004647C1 /* AtomsGroup.swift */; };
		26DD70A826A9F5F0004647C1 /* MoleculesGroup.swift in Sources */ = {isa = PBXBuildFile; fileRef = 26DD70A726A9F5F0004647C1 /* MoleculesGroup.swift */; };
		26DD70AA26A9F66F004647C1 /* OrganismsGroup.swift in Sources */ = {isa = PBXBuildFile; fileRef = 26DD70A926A9F66F004647C1 /* OrganismsGroup.swift */; };
		26DD70AC26A9F6BD004647C1 /* TemplatesGroup.swift in Sources */ = {isa = PBXBuildFile; fileRef = 26DD70AB26A9F6BD004647C1 /* TemplatesGroup.swift */; };
		607FACD61AFB9204008FA782 /* AppDelegate.swift in Sources */ = {isa = PBXBuildFile; fileRef = 607FACD51AFB9204008FA782 /* AppDelegate.swift */; };
		607FACDB1AFB9204008FA782 /* Main.storyboard in Resources */ = {isa = PBXBuildFile; fileRef = 607FACD91AFB9204008FA782 /* Main.storyboard */; };
		607FACDD1AFB9204008FA782 /* Images.xcassets in Resources */ = {isa = PBXBuildFile; fileRef = 607FACDC1AFB9204008FA782 /* Images.xcassets */; };
		607FACE01AFB9204008FA782 /* LaunchScreen.xib in Resources */ = {isa = PBXBuildFile; fileRef = 607FACDE1AFB9204008FA782 /* LaunchScreen.xib */; };
		607FACEC1AFB9204008FA782 /* Tests.swift in Sources */ = {isa = PBXBuildFile; fileRef = 607FACEB1AFB9204008FA782 /* Tests.swift */; };
		DAB6A498D94F07E33ABE8C43 /* Pods_WTestToolKit_Tests.framework in Frameworks */ = {isa = PBXBuildFile; fileRef = 75215D6142A555D490947813 /* Pods_WTestToolKit_Tests.framework */; };
		FED12E24BF13B2A880F27CD2 /* Pods_WTestToolKit_Example.framework in Frameworks */ = {isa = PBXBuildFile; fileRef = 008B24F2012BEBE22967D174 /* Pods_WTestToolKit_Example.framework */; };
/* End PBXBuildFile section */

/* Begin PBXContainerItemProxy section */
		607FACE61AFB9204008FA782 /* PBXContainerItemProxy */ = {
			isa = PBXContainerItemProxy;
			containerPortal = 607FACC81AFB9204008FA782 /* Project object */;
			proxyType = 1;
			remoteGlobalIDString = 607FACCF1AFB9204008FA782;
			remoteInfo = WTestToolKit;
		};
/* End PBXContainerItemProxy section */

/* Begin PBXFileReference section */
		008B24F2012BEBE22967D174 /* Pods_WTestToolKit_Example.framework */ = {isa = PBXFileReference; explicitFileType = wrapper.framework; includeInIndex = 0; path = Pods_WTestToolKit_Example.framework; sourceTree = BUILT_PRODUCTS_DIR; };
		093891F9019DA183F5990C84 /* Pods-WTestToolKit_Example.debug.xcconfig */ = {isa = PBXFileReference; includeInIndex = 1; lastKnownFileType = text.xcconfig; name = "Pods-WTestToolKit_Example.debug.xcconfig"; path = "Target Support Files/Pods-WTestToolKit_Example/Pods-WTestToolKit_Example.debug.xcconfig"; sourceTree = "<group>"; };
		0B5ECA3B41C736ACEE353EB8 /* Pods-WTestToolKit_Tests.debug.xcconfig */ = {isa = PBXFileReference; includeInIndex = 1; lastKnownFileType = text.xcconfig; name = "Pods-WTestToolKit_Tests.debug.xcconfig"; path = "Target Support Files/Pods-WTestToolKit_Tests/Pods-WTestToolKit_Tests.debug.xcconfig"; sourceTree = "<group>"; };
		2641C73326ABE8FE00132A6B /* ContainerView.swift */ = {isa = PBXFileReference; lastKnownFileType = sourcecode.swift; path = ContainerView.swift; sourceTree = "<group>"; };
		2641C73B26ABF42100132A6B /* TitlesBuild.swift */ = {isa = PBXFileReference; lastKnownFileType = sourcecode.swift; path = TitlesBuild.swift; sourceTree = "<group>"; };
		2641C75026AC0CD400132A6B /* IconsBuild.swift */ = {isa = PBXFileReference; lastKnownFileType = sourcecode.swift; path = IconsBuild.swift; sourceTree = "<group>"; };
		2641C75626AC156700132A6B /* PostalCodeLabelBuild.swift */ = {isa = PBXFileReference; lastKnownFileType = sourcecode.swift; path = PostalCodeLabelBuild.swift; sourceTree = "<group>"; };
		2641C75826AC183100132A6B /* LocationLabelBuild.swift */ = {isa = PBXFileReference; lastKnownFileType = sourcecode.swift; path = LocationLabelBuild.swift; sourceTree = "<group>"; };
		2641C75E26AC1D5400132A6B /* PostalAndLocationBuild.swift */ = {isa = PBXFileReference; lastKnownFileType = sourcecode.swift; path = PostalAndLocationBuild.swift; sourceTree = "<group>"; };
		2641C76726AC339200132A6B /* PostalTableViewBuild.swift */ = {isa = PBXFileReference; lastKnownFileType = sourcecode.swift; path = PostalTableViewBuild.swift; sourceTree = "<group>"; };
		2641C77626AC708600132A6B /* DownloadAnimationBuild.swift */ = {isa = PBXFileReference; lastKnownFileType = sourcecode.swift; path = DownloadAnimationBuild.swift; sourceTree = "<group>"; };
		2641C77A26AC746D00132A6B /* CheckmarkAnimationBuild.swift */ = {isa = PBXFileReference; lastKnownFileType = sourcecode.swift; path = CheckmarkAnimationBuild.swift; sourceTree = "<group>"; };
		2641C7A826ADACEE00132A6B /* GradientHorizontalProgressBarBuild.swift */ = {isa = PBXFileReference; lastKnownFileType = sourcecode.swift; path = GradientHorizontalProgressBarBuild.swift; sourceTree = "<group>"; };
		2697F8A326ADB91D00D0C232 /* WaitAnimationBuild.swift */ = {isa = PBXFileReference; lastKnownFileType = sourcecode.swift; path = WaitAnimationBuild.swift; sourceTree = "<group>"; };
		2697F8A726ADD44E00D0C232 /* DownloadBuild.swift */ = {isa = PBXFileReference; lastKnownFileType = sourcecode.swift; path = DownloadBuild.swift; sourceTree = "<group>"; };
		2697F8AC26ADE86C00D0C232 /* pt-BR */ = {isa = PBXFileReference; lastKnownFileType = text.plist.strings; name = "pt-BR"; path = "pt-BR.lproj/Main.strings"; sourceTree = "<group>"; };
		2697F8AD26ADE86C00D0C232 /* pt-BR */ = {isa = PBXFileReference; lastKnownFileType = text.plist.strings; name = "pt-BR"; path = "pt-BR.lproj/LaunchScreen.strings"; sourceTree = "<group>"; };
		2697F8AE26ADE87500D0C232 /* zh-Hans */ = {isa = PBXFileReference; lastKnownFileType = text.plist.strings; name = "zh-Hans"; path = "zh-Hans.lproj/Main.strings"; sourceTree = "<group>"; };
		2697F8AF26ADE87500D0C232 /* zh-Hans */ = {isa = PBXFileReference; lastKnownFileType = text.plist.strings; name = "zh-Hans"; path = "zh-Hans.lproj/LaunchScreen.strings"; sourceTree = "<group>"; };
		2697F8B026ADE88600D0C232 /* es */ = {isa = PBXFileReference; lastKnownFileType = text.plist.strings; name = es; path = es.lproj/Main.strings; sourceTree = "<group>"; };
		2697F8B126ADE88600D0C232 /* es */ = {isa = PBXFileReference; lastKnownFileType = text.plist.strings; name = es; path = es.lproj/LaunchScreen.strings; sourceTree = "<group>"; };
		26DD707626A89C67004647C1 /* RouterWTestToolKit.swift */ = {isa = PBXFileReference; lastKnownFileType = sourcecode.swift; path = RouterWTestToolKit.swift; sourceTree = "<group>"; };
		26DD707926A89CF7004647C1 /* RootBuild.swift */ = {isa = PBXFileReference; lastKnownFileType = sourcecode.swift; path = RootBuild.swift; sourceTree = "<group>"; };
		26DD707B26A89DBC004647C1 /* RootViewController.swift */ = {isa = PBXFileReference; lastKnownFileType = sourcecode.swift; path = RootViewController.swift; sourceTree = "<group>"; };
		26DD707E26A89E4F004647C1 /* RootInteractor.swift */ = {isa = PBXFileReference; lastKnownFileType = sourcecode.swift; path = RootInteractor.swift; sourceTree = "<group>"; };
		26DD708026A89E8F004647C1 /* RootPresenter.swift */ = {isa = PBXFileReference; lastKnownFileType = sourcecode.swift; path = RootPresenter.swift; sourceTree = "<group>"; };
		26DD708426A89F2A004647C1 /* RootViewModel.swift */ = {isa = PBXFileReference; lastKnownFileType = sourcecode.swift; path = RootViewModel.swift; sourceTree = "<group>"; };
		26DD708626A8A0B3004647C1 /* RootWorker.swift */ = {isa = PBXFileReference; lastKnownFileType = sourcecode.swift; path = RootWorker.swift; sourceTree = "<group>"; };
		26DD708926A8A19B004647C1 /* RootListView.swift */ = {isa = PBXFileReference; lastKnownFileType = sourcecode.swift; path = RootListView.swift; sourceTree = "<group>"; };
		26DD708B26A8A2CF004647C1 /* RootListCell.swift */ = {isa = PBXFileReference; lastKnownFileType = sourcecode.swift; path = RootListCell.swift; sourceTree = "<group>"; };
		26DD708E26A9EF8D004647C1 /* AtomicDetailBuild.swift */ = {isa = PBXFileReference; lastKnownFileType = sourcecode.swift; path = AtomicDetailBuild.swift; sourceTree = "<group>"; };
		26DD709026A9F001004647C1 /* AtomicDetailViewController.swift */ = {isa = PBXFileReference; lastKnownFileType = sourcecode.swift; path = AtomicDetailViewController.swift; sourceTree = "<group>"; };
		26DD709226A9F0AF004647C1 /* AtomicDetailInteractor.swift */ = {isa = PBXFileReference; lastKnownFileType = sourcecode.swift; path = AtomicDetailInteractor.swift; sourceTree = "<group>"; };
		26DD709426A9F0F2004647C1 /* AtomicDetailPresenter.swift */ = {isa = PBXFileReference; lastKnownFileType = sourcecode.swift; path = AtomicDetailPresenter.swift; sourceTree = "<group>"; };
		26DD709726A9F125004647C1 /* AtomicDetailWorker.swift */ = {isa = PBXFileReference; lastKnownFileType = sourcecode.swift; path = AtomicDetailWorker.swift; sourceTree = "<group>"; };
		26DD709A26A9F173004647C1 /* AtomicDetailViewModel.swift */ = {isa = PBXFileReference; lastKnownFileType = sourcecode.swift; path = AtomicDetailViewModel.swift; sourceTree = "<group>"; };
		26DD709D26A9F1E6004647C1 /* AtomicDetailListView.swift */ = {isa = PBXFileReference; lastKnownFileType = sourcecode.swift; path = AtomicDetailListView.swift; sourceTree = "<group>"; };
		26DD709F26A9F210004647C1 /* AtomicDetailListCell.swift */ = {isa = PBXFileReference; lastKnownFileType = sourcecode.swift; path = AtomicDetailListCell.swift; sourceTree = "<group>"; };
		26DD70A126A9F34F004647C1 /* AtomicDetailSectionController.swift */ = {isa = PBXFileReference; lastKnownFileType = sourcecode.swift; path = AtomicDetailSectionController.swift; sourceTree = "<group>"; };
		26DD70A426A9F514004647C1 /* AtomsGroup.swift */ = {isa = PBXFileReference; lastKnownFileType = sourcecode.swift; path = AtomsGroup.swift; sourceTree = "<group>"; };
		26DD70A726A9F5F0004647C1 /* MoleculesGroup.swift */ = {isa = PBXFileReference; lastKnownFileType = sourcecode.swift; path = MoleculesGroup.swift; sourceTree = "<group>"; };
		26DD70A926A9F66F004647C1 /* OrganismsGroup.swift */ = {isa = PBXFileReference; lastKnownFileType = sourcecode.swift; path = OrganismsGroup.swift; sourceTree = "<group>"; };
		26DD70AB26A9F6BD004647C1 /* TemplatesGroup.swift */ = {isa = PBXFileReference; lastKnownFileType = sourcecode.swift; path = TemplatesGroup.swift; sourceTree = "<group>"; };
		3663B61D6E571792666B1D65 /* WTestToolKit.podspec */ = {isa = PBXFileReference; includeInIndex = 1; lastKnownFileType = text; name = WTestToolKit.podspec; path = ../WTestToolKit.podspec; sourceTree = "<group>"; xcLanguageSpecificationIdentifier = xcode.lang.ruby; };
		48008626E3B841BE82103E38 /* Pods-WTestToolKit_Tests.release.xcconfig */ = {isa = PBXFileReference; includeInIndex = 1; lastKnownFileType = text.xcconfig; name = "Pods-WTestToolKit_Tests.release.xcconfig"; path = "Target Support Files/Pods-WTestToolKit_Tests/Pods-WTestToolKit_Tests.release.xcconfig"; sourceTree = "<group>"; };
		607FACD01AFB9204008FA782 /* WTestToolKit_Example.app */ = {isa = PBXFileReference; explicitFileType = wrapper.application; includeInIndex = 0; path = WTestToolKit_Example.app; sourceTree = BUILT_PRODUCTS_DIR; };
		607FACD41AFB9204008FA782 /* Info.plist */ = {isa = PBXFileReference; lastKnownFileType = text.plist.xml; path = Info.plist; sourceTree = "<group>"; };
		607FACD51AFB9204008FA782 /* AppDelegate.swift */ = {isa = PBXFileReference; lastKnownFileType = sourcecode.swift; path = AppDelegate.swift; sourceTree = "<group>"; };
		607FACDA1AFB9204008FA782 /* Base */ = {isa = PBXFileReference; lastKnownFileType = file.storyboard; name = Base; path = Base.lproj/Main.storyboard; sourceTree = "<group>"; };
		607FACDC1AFB9204008FA782 /* Images.xcassets */ = {isa = PBXFileReference; lastKnownFileType = folder.assetcatalog; path = Images.xcassets; sourceTree = "<group>"; };
		607FACDF1AFB9204008FA782 /* Base */ = {isa = PBXFileReference; lastKnownFileType = file.xib; name = Base; path = Base.lproj/LaunchScreen.xib; sourceTree = "<group>"; };
		607FACE51AFB9204008FA782 /* WTestToolKit_Tests.xctest */ = {isa = PBXFileReference; explicitFileType = wrapper.cfbundle; includeInIndex = 0; path = WTestToolKit_Tests.xctest; sourceTree = BUILT_PRODUCTS_DIR; };
		607FACEA1AFB9204008FA782 /* Info.plist */ = {isa = PBXFileReference; lastKnownFileType = text.plist.xml; path = Info.plist; sourceTree = "<group>"; };
		607FACEB1AFB9204008FA782 /* Tests.swift */ = {isa = PBXFileReference; lastKnownFileType = sourcecode.swift; path = Tests.swift; sourceTree = "<group>"; };
		75215D6142A555D490947813 /* Pods_WTestToolKit_Tests.framework */ = {isa = PBXFileReference; explicitFileType = wrapper.framework; includeInIndex = 0; path = Pods_WTestToolKit_Tests.framework; sourceTree = BUILT_PRODUCTS_DIR; };
		898CAB7A5AFB2D0EA524C466 /* Pods-WTestToolKit_Example.release.xcconfig */ = {isa = PBXFileReference; includeInIndex = 1; lastKnownFileType = text.xcconfig; name = "Pods-WTestToolKit_Example.release.xcconfig"; path = "Target Support Files/Pods-WTestToolKit_Example/Pods-WTestToolKit_Example.release.xcconfig"; sourceTree = "<group>"; };
		905B14C62FF05C713F38BF26 /* README.md */ = {isa = PBXFileReference; includeInIndex = 1; lastKnownFileType = net.daringfireball.markdown; name = README.md; path = ../README.md; sourceTree = "<group>"; };
		CA37CA976FEC6092E71CA9F6 /* LICENSE */ = {isa = PBXFileReference; includeInIndex = 1; lastKnownFileType = text; name = LICENSE; path = ../LICENSE; sourceTree = "<group>"; };
/* End PBXFileReference section */

/* Begin PBXFrameworksBuildPhase section */
		607FACCD1AFB9204008FA782 /* Frameworks */ = {
			isa = PBXFrameworksBuildPhase;
			buildActionMask = 2147483647;
			files = (
				FED12E24BF13B2A880F27CD2 /* Pods_WTestToolKit_Example.framework in Frameworks */,
			);
			runOnlyForDeploymentPostprocessing = 0;
		};
		607FACE21AFB9204008FA782 /* Frameworks */ = {
			isa = PBXFrameworksBuildPhase;
			buildActionMask = 2147483647;
			files = (
				DAB6A498D94F07E33ABE8C43 /* Pods_WTestToolKit_Tests.framework in Frameworks */,
			);
			runOnlyForDeploymentPostprocessing = 0;
		};
/* End PBXFrameworksBuildPhase section */

/* Begin PBXGroup section */
		2641C73226ABE8E200132A6B /* Modules */ = {
			isa = PBXGroup;
			children = (
				2641C73326ABE8FE00132A6B /* ContainerView.swift */,
				2641C73726ABE9EB00132A6B /* AtomsBuild */,
				2641C75526AC154B00132A6B /* MoleculesBuild */,
				2641C75D26AC1D0D00132A6B /* OrganismsBuild */,
				2641C76626AC336100132A6B /* TemplatesBuild */,
			);
			path = Modules;
			sourceTree = "<group>";
		};
		2641C73726ABE9EB00132A6B /* AtomsBuild */ = {
			isa = PBXGroup;
			children = (
				2641C73B26ABF42100132A6B /* TitlesBuild.swift */,
				2641C75026AC0CD400132A6B /* IconsBuild.swift */,
				2641C77626AC708600132A6B /* DownloadAnimationBuild.swift */,
				2641C77A26AC746D00132A6B /* CheckmarkAnimationBuild.swift */,
				2641C7A826ADACEE00132A6B /* GradientHorizontalProgressBarBuild.swift */,
			);
			path = AtomsBuild;
			sourceTree = "<group>";
		};
		2641C75526AC154B00132A6B /* MoleculesBuild */ = {
			isa = PBXGroup;
			children = (
				2641C75626AC156700132A6B /* PostalCodeLabelBuild.swift */,
				2641C75826AC183100132A6B /* LocationLabelBuild.swift */,
				2697F8A326ADB91D00D0C232 /* WaitAnimationBuild.swift */,
			);
			path = MoleculesBuild;
			sourceTree = "<group>";
		};
		2641C75D26AC1D0D00132A6B /* OrganismsBuild */ = {
			isa = PBXGroup;
			children = (
				2641C75E26AC1D5400132A6B /* PostalAndLocationBuild.swift */,
				2697F8A726ADD44E00D0C232 /* DownloadBuild.swift */,
			);
			path = OrganismsBuild;
			sourceTree = "<group>";
		};
		2641C76626AC336100132A6B /* TemplatesBuild */ = {
			isa = PBXGroup;
			children = (
				2641C76726AC339200132A6B /* PostalTableViewBuild.swift */,
			);
			path = TemplatesBuild;
			sourceTree = "<group>";
		};
		26DD707D26A89DD4004647C1 /* RootGroup */ = {
			isa = PBXGroup;
			children = (
				26DD708826A8A172004647C1 /* View */,
				26DD708326A89F0F004647C1 /* ViewModel */,
				26DD707926A89CF7004647C1 /* RootBuild.swift */,
				26DD707B26A89DBC004647C1 /* RootViewController.swift */,
				26DD708026A89E8F004647C1 /* RootPresenter.swift */,
				26DD707E26A89E4F004647C1 /* RootInteractor.swift */,
				26DD708626A8A0B3004647C1 /* RootWorker.swift */,
			);
			path = RootGroup;
			sourceTree = "<group>";
		};
		26DD708326A89F0F004647C1 /* ViewModel */ = {
			isa = PBXGroup;
			children = (
				26DD708426A89F2A004647C1 /* RootViewModel.swift */,
			);
			path = ViewModel;
			sourceTree = "<group>";
		};
		26DD708826A8A172004647C1 /* View */ = {
			isa = PBXGroup;
			children = (
				26DD708926A8A19B004647C1 /* RootListView.swift */,
				26DD708B26A8A2CF004647C1 /* RootListCell.swift */,
			);
			path = View;
			sourceTree = "<group>";
		};
		26DD708D26A9EF70004647C1 /* AtomicDetailGroup */ = {
			isa = PBXGroup;
			children = (
				26DD709C26A9F1D9004647C1 /* View */,
				26DD709926A9F152004647C1 /* ViewModel */,
				26DD708E26A9EF8D004647C1 /* AtomicDetailBuild.swift */,
				26DD709026A9F001004647C1 /* AtomicDetailViewController.swift */,
				26DD709226A9F0AF004647C1 /* AtomicDetailInteractor.swift */,
				26DD709426A9F0F2004647C1 /* AtomicDetailPresenter.swift */,
				26DD709726A9F125004647C1 /* AtomicDetailWorker.swift */,
				26DD70A126A9F34F004647C1 /* AtomicDetailSectionController.swift */,
			);
			path = AtomicDetailGroup;
			sourceTree = "<group>";
		};
		26DD709926A9F152004647C1 /* ViewModel */ = {
			isa = PBXGroup;
			children = (
				26DD709A26A9F173004647C1 /* AtomicDetailViewModel.swift */,
			);
			path = ViewModel;
			sourceTree = "<group>";
		};
		26DD709C26A9F1D9004647C1 /* View */ = {
			isa = PBXGroup;
			children = (
				26DD709D26A9F1E6004647C1 /* AtomicDetailListView.swift */,
				26DD709F26A9F210004647C1 /* AtomicDetailListCell.swift */,
			);
			path = View;
			sourceTree = "<group>";
		};
		26DD70A326A9F4DC004647C1 /* Constants */ = {
			isa = PBXGroup;
			children = (
				26DD70A626A9F5E0004647C1 /* Modules */,
			);
			path = Constants;
			sourceTree = "<group>";
		};
		26DD70A626A9F5E0004647C1 /* Modules */ = {
			isa = PBXGroup;
			children = (
				26DD70A426A9F514004647C1 /* AtomsGroup.swift */,
				26DD70A726A9F5F0004647C1 /* MoleculesGroup.swift */,
				26DD70A926A9F66F004647C1 /* OrganismsGroup.swift */,
				26DD70AB26A9F6BD004647C1 /* TemplatesGroup.swift */,
			);
			path = Modules;
			sourceTree = "<group>";
		};
		607FACC71AFB9204008FA782 = {
			isa = PBXGroup;
			children = (
				607FACF51AFB993E008FA782 /* Podspec Metadata */,
				607FACD21AFB9204008FA782 /* Example for WTestToolKit */,
				607FACE81AFB9204008FA782 /* Tests */,
				607FACD11AFB9204008FA782 /* Products */,
				DF0A549860F27404F07753EE /* Pods */,
				96F9743DC6351023DFECB616 /* Frameworks */,
			);
			sourceTree = "<group>";
		};
		607FACD11AFB9204008FA782 /* Products */ = {
			isa = PBXGroup;
			children = (
				607FACD01AFB9204008FA782 /* WTestToolKit_Example.app */,
				607FACE51AFB9204008FA782 /* WTestToolKit_Tests.xctest */,
			);
			name = Products;
			sourceTree = "<group>";
		};
		607FACD21AFB9204008FA782 /* Example for WTestToolKit */ = {
			isa = PBXGroup;
			children = (
				607FACD51AFB9204008FA782 /* AppDelegate.swift */,
				607FACD91AFB9204008FA782 /* Main.storyboard */,
				607FACDC1AFB9204008FA782 /* Images.xcassets */,
				607FACDE1AFB9204008FA782 /* LaunchScreen.xib */,
				26DD707626A89C67004647C1 /* RouterWTestToolKit.swift */,
				26DD70A326A9F4DC004647C1 /* Constants */,
				26DD708D26A9EF70004647C1 /* AtomicDetailGroup */,
				26DD707D26A89DD4004647C1 /* RootGroup */,
				2641C73226ABE8E200132A6B /* Modules */,
				607FACD31AFB9204008FA782 /* Supporting Files */,
			);
			name = "Example for WTestToolKit";
			path = WTestToolKit;
			sourceTree = "<group>";
		};
		607FACD31AFB9204008FA782 /* Supporting Files */ = {
			isa = PBXGroup;
			children = (
				607FACD41AFB9204008FA782 /* Info.plist */,
			);
			name = "Supporting Files";
			sourceTree = "<group>";
		};
		607FACE81AFB9204008FA782 /* Tests */ = {
			isa = PBXGroup;
			children = (
				607FACEB1AFB9204008FA782 /* Tests.swift */,
				607FACE91AFB9204008FA782 /* Supporting Files */,
			);
			path = Tests;
			sourceTree = "<group>";
		};
		607FACE91AFB9204008FA782 /* Supporting Files */ = {
			isa = PBXGroup;
			children = (
				607FACEA1AFB9204008FA782 /* Info.plist */,
			);
			name = "Supporting Files";
			sourceTree = "<group>";
		};
		607FACF51AFB993E008FA782 /* Podspec Metadata */ = {
			isa = PBXGroup;
			children = (
				3663B61D6E571792666B1D65 /* WTestToolKit.podspec */,
				905B14C62FF05C713F38BF26 /* README.md */,
				CA37CA976FEC6092E71CA9F6 /* LICENSE */,
			);
			name = "Podspec Metadata";
			sourceTree = "<group>";
		};
		96F9743DC6351023DFECB616 /* Frameworks */ = {
			isa = PBXGroup;
			children = (
				008B24F2012BEBE22967D174 /* Pods_WTestToolKit_Example.framework */,
				75215D6142A555D490947813 /* Pods_WTestToolKit_Tests.framework */,
			);
			name = Frameworks;
			sourceTree = "<group>";
		};
		DF0A549860F27404F07753EE /* Pods */ = {
			isa = PBXGroup;
			children = (
				093891F9019DA183F5990C84 /* Pods-WTestToolKit_Example.debug.xcconfig */,
				898CAB7A5AFB2D0EA524C466 /* Pods-WTestToolKit_Example.release.xcconfig */,
				0B5ECA3B41C736ACEE353EB8 /* Pods-WTestToolKit_Tests.debug.xcconfig */,
				48008626E3B841BE82103E38 /* Pods-WTestToolKit_Tests.release.xcconfig */,
			);
			path = Pods;
			sourceTree = "<group>";
		};
/* End PBXGroup section */

/* Begin PBXNativeTarget section */
		607FACCF1AFB9204008FA782 /* WTestToolKit_Example */ = {
			isa = PBXNativeTarget;
			buildConfigurationList = 607FACEF1AFB9204008FA782 /* Build configuration list for PBXNativeTarget "WTestToolKit_Example" */;
			buildPhases = (
				5BA5E5BA4CAC89E67DA75894 /* [CP] Check Pods Manifest.lock */,
				26DD707526A89951004647C1 /* swiftlint */,
				607FACCC1AFB9204008FA782 /* Sources */,
				607FACCD1AFB9204008FA782 /* Frameworks */,
				607FACCE1AFB9204008FA782 /* Resources */,
				E6885EE68C40F05F4EAA995F /* [CP] Embed Pods Frameworks */,
			);
			buildRules = (
			);
			dependencies = (
			);
			name = WTestToolKit_Example;
			productName = WTestToolKit;
			productReference = 607FACD01AFB9204008FA782 /* WTestToolKit_Example.app */;
			productType = "com.apple.product-type.application";
		};
		607FACE41AFB9204008FA782 /* WTestToolKit_Tests */ = {
			isa = PBXNativeTarget;
			buildConfigurationList = 607FACF21AFB9204008FA782 /* Build configuration list for PBXNativeTarget "WTestToolKit_Tests" */;
			buildPhases = (
				57E856D9ADF5C4B63EF5FB0C /* [CP] Check Pods Manifest.lock */,
				607FACE11AFB9204008FA782 /* Sources */,
				607FACE21AFB9204008FA782 /* Frameworks */,
				607FACE31AFB9204008FA782 /* Resources */,
			);
			buildRules = (
			);
			dependencies = (
				607FACE71AFB9204008FA782 /* PBXTargetDependency */,
			);
			name = WTestToolKit_Tests;
			productName = Tests;
			productReference = 607FACE51AFB9204008FA782 /* WTestToolKit_Tests.xctest */;
			productType = "com.apple.product-type.bundle.unit-test";
		};
/* End PBXNativeTarget section */

/* Begin PBXProject section */
		607FACC81AFB9204008FA782 /* Project object */ = {
			isa = PBXProject;
			attributes = {
				LastSwiftUpdateCheck = 0830;
				LastUpgradeCheck = 0830;
				ORGANIZATIONNAME = CocoaPods;
				TargetAttributes = {
					607FACCF1AFB9204008FA782 = {
						CreatedOnToolsVersion = 6.3.1;
						LastSwiftMigration = 0900;
					};
					607FACE41AFB9204008FA782 = {
						CreatedOnToolsVersion = 6.3.1;
						LastSwiftMigration = 1250;
						TestTargetID = 607FACCF1AFB9204008FA782;
					};
				};
			};
			buildConfigurationList = 607FACCB1AFB9204008FA782 /* Build configuration list for PBXProject "WTestToolKit" */;
			compatibilityVersion = "Xcode 3.2";
			developmentRegion = English;
			hasScannedForEncodings = 0;
			knownRegions = (
				English,
				en,
				Base,
				"pt-BR",
				"zh-Hans",
				es,
			);
			mainGroup = 607FACC71AFB9204008FA782;
			productRefGroup = 607FACD11AFB9204008FA782 /* Products */;
			projectDirPath = "";
			projectRoot = "";
			targets = (
				607FACCF1AFB9204008FA782 /* WTestToolKit_Example */,
				607FACE41AFB9204008FA782 /* WTestToolKit_Tests */,
			);
		};
/* End PBXProject section */

/* Begin PBXResourcesBuildPhase section */
		607FACCE1AFB9204008FA782 /* Resources */ = {
			isa = PBXResourcesBuildPhase;
			buildActionMask = 2147483647;
			files = (
				607FACDB1AFB9204008FA782 /* Main.storyboard in Resources */,
				607FACE01AFB9204008FA782 /* LaunchScreen.xib in Resources */,
				607FACDD1AFB9204008FA782 /* Images.xcassets in Resources */,
			);
			runOnlyForDeploymentPostprocessing = 0;
		};
		607FACE31AFB9204008FA782 /* Resources */ = {
			isa = PBXResourcesBuildPhase;
			buildActionMask = 2147483647;
			files = (
			);
			runOnlyForDeploymentPostprocessing = 0;
		};
/* End PBXResourcesBuildPhase section */

/* Begin PBXShellScriptBuildPhase section */
		26DD707526A89951004647C1 /* swiftlint */ = {
			isa = PBXShellScriptBuildPhase;
			buildActionMask = 2147483647;
			files = (
			);
			inputFileListPaths = (
			);
			inputPaths = (
			);
			name = swiftlint;
			outputFileListPaths = (
			);
			outputPaths = (
			);
			runOnlyForDeploymentPostprocessing = 0;
			shellPath = /bin/sh;
			shellScript = "cd ../WTestToolKit\n${PODS_ROOT}/SwiftLint/swiftlint\n";
		};
		57E856D9ADF5C4B63EF5FB0C /* [CP] Check Pods Manifest.lock */ = {
			isa = PBXShellScriptBuildPhase;
			buildActionMask = 2147483647;
			files = (
			);
			inputFileListPaths = (
			);
			inputPaths = (
				"${PODS_PODFILE_DIR_PATH}/Podfile.lock",
				"${PODS_ROOT}/Manifest.lock",
			);
			name = "[CP] Check Pods Manifest.lock";
			outputFileListPaths = (
			);
			outputPaths = (
				"$(DERIVED_FILE_DIR)/Pods-WTestToolKit_Tests-checkManifestLockResult.txt",
			);
			runOnlyForDeploymentPostprocessing = 0;
			shellPath = /bin/sh;
			shellScript = "diff \"${PODS_PODFILE_DIR_PATH}/Podfile.lock\" \"${PODS_ROOT}/Manifest.lock\" > /dev/null\nif [ $? != 0 ] ; then\n    # print error to STDERR\n    echo \"error: The sandbox is not in sync with the Podfile.lock. Run 'pod install' or update your CocoaPods installation.\" >&2\n    exit 1\nfi\n# This output is used by Xcode 'outputs' to avoid re-running this script phase.\necho \"SUCCESS\" > \"${SCRIPT_OUTPUT_FILE_0}\"\n";
			showEnvVarsInLog = 0;
		};
		5BA5E5BA4CAC89E67DA75894 /* [CP] Check Pods Manifest.lock */ = {
			isa = PBXShellScriptBuildPhase;
			buildActionMask = 2147483647;
			files = (
			);
			inputFileListPaths = (
			);
			inputPaths = (
				"${PODS_PODFILE_DIR_PATH}/Podfile.lock",
				"${PODS_ROOT}/Manifest.lock",
			);
			name = "[CP] Check Pods Manifest.lock";
			outputFileListPaths = (
			);
			outputPaths = (
				"$(DERIVED_FILE_DIR)/Pods-WTestToolKit_Example-checkManifestLockResult.txt",
			);
			runOnlyForDeploymentPostprocessing = 0;
			shellPath = /bin/sh;
			shellScript = "diff \"${PODS_PODFILE_DIR_PATH}/Podfile.lock\" \"${PODS_ROOT}/Manifest.lock\" > /dev/null\nif [ $? != 0 ] ; then\n    # print error to STDERR\n    echo \"error: The sandbox is not in sync with the Podfile.lock. Run 'pod install' or update your CocoaPods installation.\" >&2\n    exit 1\nfi\n# This output is used by Xcode 'outputs' to avoid re-running this script phase.\necho \"SUCCESS\" > \"${SCRIPT_OUTPUT_FILE_0}\"\n";
			showEnvVarsInLog = 0;
		};
		E6885EE68C40F05F4EAA995F /* [CP] Embed Pods Frameworks */ = {
			isa = PBXShellScriptBuildPhase;
			buildActionMask = 2147483647;
			files = (
			);
			inputPaths = (
				"${PODS_ROOT}/Target Support Files/Pods-WTestToolKit_Example/Pods-WTestToolKit_Example-frameworks.sh",
				"${BUILT_PRODUCTS_DIR}/SnapKit/SnapKit.framework",
				"${BUILT_PRODUCTS_DIR}/WTestToolKit/WTestToolKit.framework",
				"${BUILT_PRODUCTS_DIR}/lottie-ios/Lottie.framework",
			);
			name = "[CP] Embed Pods Frameworks";
			outputPaths = (
				"${TARGET_BUILD_DIR}/${FRAMEWORKS_FOLDER_PATH}/SnapKit.framework",
				"${TARGET_BUILD_DIR}/${FRAMEWORKS_FOLDER_PATH}/WTestToolKit.framework",
				"${TARGET_BUILD_DIR}/${FRAMEWORKS_FOLDER_PATH}/Lottie.framework",
			);
			runOnlyForDeploymentPostprocessing = 0;
			shellPath = /bin/sh;
			shellScript = "\"${PODS_ROOT}/Target Support Files/Pods-WTestToolKit_Example/Pods-WTestToolKit_Example-frameworks.sh\"\n";
			showEnvVarsInLog = 0;
		};
/* End PBXShellScriptBuildPhase section */

/* Begin PBXSourcesBuildPhase section */
		607FACCC1AFB9204008FA782 /* Sources */ = {
			isa = PBXSourcesBuildPhase;
			buildActionMask = 2147483647;
			files = (
				26DD70AC26A9F6BD004647C1 /* TemplatesGroup.swift in Sources */,
				26DD709826A9F125004647C1 /* AtomicDetailWorker.swift in Sources */,
				26DD70A026A9F210004647C1 /* AtomicDetailListCell.swift in Sources */,
				26DD708126A89E8F004647C1 /* RootPresenter.swift in Sources */,
				2641C75926AC183100132A6B /* LocationLabelBuild.swift in Sources */,
				2641C75726AC156700132A6B /* PostalCodeLabelBuild.swift in Sources */,
				26DD709B26A9F173004647C1 /* AtomicDetailViewModel.swift in Sources */,
				26DD708726A8A0B3004647C1 /* RootWorker.swift in Sources */,
				26DD709E26A9F1E6004647C1 /* AtomicDetailListView.swift in Sources */,
				26DD709526A9F0F2004647C1 /* AtomicDetailPresenter.swift in Sources */,
				26DD708526A89F2A004647C1 /* RootViewModel.swift in Sources */,
				26DD70A826A9F5F0004647C1 /* MoleculesGroup.swift in Sources */,
				26DD708C26A8A2CF004647C1 /* RootListCell.swift in Sources */,
				2641C77726AC708600132A6B /* DownloadAnimationBuild.swift in Sources */,
				26DD707A26A89CF7004647C1 /* RootBuild.swift in Sources */,
				607FACD61AFB9204008FA782 /* AppDelegate.swift in Sources */,
				2641C76826AC339200132A6B /* PostalTableViewBuild.swift in Sources */,
				2641C77B26AC746D00132A6B /* CheckmarkAnimationBuild.swift in Sources */,
				26DD70A226A9F34F004647C1 /* AtomicDetailSectionController.swift in Sources */,
				2641C73C26ABF42100132A6B /* TitlesBuild.swift in Sources */,
				26DD70AA26A9F66F004647C1 /* OrganismsGroup.swift in Sources */,
				26DD70A526A9F514004647C1 /* AtomsGroup.swift in Sources */,
				26DD707C26A89DBC004647C1 /* RootViewController.swift in Sources */,
				2641C75F26AC1D5400132A6B /* PostalAndLocationBuild.swift in Sources */,
				26DD707726A89C67004647C1 /* RouterWTestToolKit.swift in Sources */,
				26DD709326A9F0AF004647C1 /* AtomicDetailInteractor.swift in Sources */,
				2641C7A926ADACEE00132A6B /* GradientHorizontalProgressBarBuild.swift in Sources */,
				26DD709126A9F001004647C1 /* AtomicDetailViewController.swift in Sources */,
				2641C73426ABE8FE00132A6B /* ContainerView.swift in Sources */,
				2641C75126AC0CD400132A6B /* IconsBuild.swift in Sources */,
				26DD708A26A8A19B004647C1 /* RootListView.swift in Sources */,
				26DD708F26A9EF8D004647C1 /* AtomicDetailBuild.swift in Sources */,
				2697F8A426ADB91D00D0C232 /* WaitAnimationBuild.swift in Sources */,
				26DD707F26A89E4F004647C1 /* RootInteractor.swift in Sources */,
				2697F8A826ADD44E00D0C232 /* DownloadBuild.swift in Sources */,
			);
			runOnlyForDeploymentPostprocessing = 0;
		};
		607FACE11AFB9204008FA782 /* Sources */ = {
			isa = PBXSourcesBuildPhase;
			buildActionMask = 2147483647;
			files = (
				607FACEC1AFB9204008FA782 /* Tests.swift in Sources */,
			);
			runOnlyForDeploymentPostprocessing = 0;
		};
/* End PBXSourcesBuildPhase section */

/* Begin PBXTargetDependency section */
		607FACE71AFB9204008FA782 /* PBXTargetDependency */ = {
			isa = PBXTargetDependency;
			target = 607FACCF1AFB9204008FA782 /* WTestToolKit_Example */;
			targetProxy = 607FACE61AFB9204008FA782 /* PBXContainerItemProxy */;
		};
/* End PBXTargetDependency section */

/* Begin PBXVariantGroup section */
		607FACD91AFB9204008FA782 /* Main.storyboard */ = {
			isa = PBXVariantGroup;
			children = (
				607FACDA1AFB9204008FA782 /* Base */,
				2697F8AC26ADE86C00D0C232 /* pt-BR */,
				2697F8AE26ADE87500D0C232 /* zh-Hans */,
				2697F8B026ADE88600D0C232 /* es */,
			);
			name = Main.storyboard;
			sourceTree = "<group>";
		};
		607FACDE1AFB9204008FA782 /* LaunchScreen.xib */ = {
			isa = PBXVariantGroup;
			children = (
				607FACDF1AFB9204008FA782 /* Base */,
				2697F8AD26ADE86C00D0C232 /* pt-BR */,
				2697F8AF26ADE87500D0C232 /* zh-Hans */,
				2697F8B126ADE88600D0C232 /* es */,
			);
			name = LaunchScreen.xib;
			sourceTree = "<group>";
		};
/* End PBXVariantGroup section */

/* Begin XCBuildConfiguration section */
		607FACED1AFB9204008FA782 /* Debug */ = {
			isa = XCBuildConfiguration;
			buildSettings = {
				ALWAYS_SEARCH_USER_PATHS = NO;
				CLANG_CXX_LANGUAGE_STANDARD = "gnu++0x";
				CLANG_CXX_LIBRARY = "libc++";
				CLANG_ENABLE_MODULES = YES;
				CLANG_ENABLE_OBJC_ARC = YES;
				CLANG_WARN_BLOCK_CAPTURE_AUTORELEASING = YES;
				CLANG_WARN_BOOL_CONVERSION = YES;
				CLANG_WARN_COMMA = YES;
				CLANG_WARN_CONSTANT_CONVERSION = YES;
				CLANG_WARN_DIRECT_OBJC_ISA_USAGE = YES_ERROR;
				CLANG_WARN_EMPTY_BODY = YES;
				CLANG_WARN_ENUM_CONVERSION = YES;
				CLANG_WARN_INFINITE_RECURSION = YES;
				CLANG_WARN_INT_CONVERSION = YES;
				CLANG_WARN_NON_LITERAL_NULL_CONVERSION = YES;
				CLANG_WARN_OBJC_LITERAL_CONVERSION = YES;
				CLANG_WARN_OBJC_ROOT_CLASS = YES_ERROR;
				CLANG_WARN_RANGE_LOOP_ANALYSIS = YES;
				CLANG_WARN_STRICT_PROTOTYPES = YES;
				CLANG_WARN_SUSPICIOUS_MOVE = YES;
				CLANG_WARN_UNREACHABLE_CODE = YES;
				CLANG_WARN__DUPLICATE_METHOD_MATCH = YES;
				"CODE_SIGN_IDENTITY[sdk=iphoneos*]" = "iPhone Developer";
				COPY_PHASE_STRIP = NO;
				DEBUG_INFORMATION_FORMAT = "dwarf-with-dsym";
				ENABLE_STRICT_OBJC_MSGSEND = YES;
				ENABLE_TESTABILITY = YES;
				GCC_C_LANGUAGE_STANDARD = gnu99;
				GCC_DYNAMIC_NO_PIC = NO;
				GCC_NO_COMMON_BLOCKS = YES;
				GCC_OPTIMIZATION_LEVEL = 0;
				GCC_PREPROCESSOR_DEFINITIONS = (
					"DEBUG=1",
					"$(inherited)",
				);
				GCC_SYMBOLS_PRIVATE_EXTERN = NO;
				GCC_WARN_64_TO_32_BIT_CONVERSION = YES;
				GCC_WARN_ABOUT_RETURN_TYPE = YES_ERROR;
				GCC_WARN_UNDECLARED_SELECTOR = YES;
				GCC_WARN_UNINITIALIZED_AUTOS = YES_AGGRESSIVE;
				GCC_WARN_UNUSED_FUNCTION = YES;
				GCC_WARN_UNUSED_VARIABLE = YES;
				IPHONEOS_DEPLOYMENT_TARGET = 11.0;
				MTL_ENABLE_DEBUG_INFO = YES;
				ONLY_ACTIVE_ARCH = YES;
				SDKROOT = iphoneos;
				SWIFT_OPTIMIZATION_LEVEL = "-Onone";
			};
			name = Debug;
		};
		607FACEE1AFB9204008FA782 /* Release */ = {
			isa = XCBuildConfiguration;
			buildSettings = {
				ALWAYS_SEARCH_USER_PATHS = NO;
				CLANG_CXX_LANGUAGE_STANDARD = "gnu++0x";
				CLANG_CXX_LIBRARY = "libc++";
				CLANG_ENABLE_MODULES = YES;
				CLANG_ENABLE_OBJC_ARC = YES;
				CLANG_WARN_BLOCK_CAPTURE_AUTORELEASING = YES;
				CLANG_WARN_BOOL_CONVERSION = YES;
				CLANG_WARN_COMMA = YES;
				CLANG_WARN_CONSTANT_CONVERSION = YES;
				CLANG_WARN_DIRECT_OBJC_ISA_USAGE = YES_ERROR;
				CLANG_WARN_EMPTY_BODY = YES;
				CLANG_WARN_ENUM_CONVERSION = YES;
				CLANG_WARN_INFINITE_RECURSION = YES;
				CLANG_WARN_INT_CONVERSION = YES;
				CLANG_WARN_NON_LITERAL_NULL_CONVERSION = YES;
				CLANG_WARN_OBJC_LITERAL_CONVERSION = YES;
				CLANG_WARN_OBJC_ROOT_CLASS = YES_ERROR;
				CLANG_WARN_RANGE_LOOP_ANALYSIS = YES;
				CLANG_WARN_STRICT_PROTOTYPES = YES;
				CLANG_WARN_SUSPICIOUS_MOVE = YES;
				CLANG_WARN_UNREACHABLE_CODE = YES;
				CLANG_WARN__DUPLICATE_METHOD_MATCH = YES;
				"CODE_SIGN_IDENTITY[sdk=iphoneos*]" = "iPhone Developer";
				COPY_PHASE_STRIP = NO;
				DEBUG_INFORMATION_FORMAT = "dwarf-with-dsym";
				ENABLE_NS_ASSERTIONS = NO;
				ENABLE_STRICT_OBJC_MSGSEND = YES;
				GCC_C_LANGUAGE_STANDARD = gnu99;
				GCC_NO_COMMON_BLOCKS = YES;
				GCC_WARN_64_TO_32_BIT_CONVERSION = YES;
				GCC_WARN_ABOUT_RETURN_TYPE = YES_ERROR;
				GCC_WARN_UNDECLARED_SELECTOR = YES;
				GCC_WARN_UNINITIALIZED_AUTOS = YES_AGGRESSIVE;
				GCC_WARN_UNUSED_FUNCTION = YES;
				GCC_WARN_UNUSED_VARIABLE = YES;
				IPHONEOS_DEPLOYMENT_TARGET = 11.0;
				MTL_ENABLE_DEBUG_INFO = NO;
				SDKROOT = iphoneos;
				SWIFT_OPTIMIZATION_LEVEL = "-Owholemodule";
				VALIDATE_PRODUCT = YES;
			};
			name = Release;
		};
		607FACF01AFB9204008FA782 /* Debug */ = {
			isa = XCBuildConfiguration;
			baseConfigurationReference = 093891F9019DA183F5990C84 /* Pods-WTestToolKit_Example.debug.xcconfig */;
			buildSettings = {
				ASSETCATALOG_COMPILER_APPICON_NAME = AppIcon;
				INFOPLIST_FILE = WTestToolKit/Info.plist;
				LD_RUNPATH_SEARCH_PATHS = "$(inherited) @executable_path/Frameworks";
				MODULE_NAME = ExampleApp;
				PRODUCT_BUNDLE_IDENTIFIER = "org.cocoapods.demo.$(PRODUCT_NAME:rfc1034identifier)";
				PRODUCT_NAME = "$(TARGET_NAME)";
				SWIFT_SWIFT3_OBJC_INFERENCE = Default;
				SWIFT_VERSION = 5.0;
			};
			name = Debug;
		};
		607FACF11AFB9204008FA782 /* Release */ = {
			isa = XCBuildConfiguration;
			baseConfigurationReference = 898CAB7A5AFB2D0EA524C466 /* Pods-WTestToolKit_Example.release.xcconfig */;
			buildSettings = {
				ASSETCATALOG_COMPILER_APPICON_NAME = AppIcon;
				INFOPLIST_FILE = WTestToolKit/Info.plist;
				LD_RUNPATH_SEARCH_PATHS = "$(inherited) @executable_path/Frameworks";
				MODULE_NAME = ExampleApp;
				PRODUCT_BUNDLE_IDENTIFIER = "org.cocoapods.demo.$(PRODUCT_NAME:rfc1034identifier)";
				PRODUCT_NAME = "$(TARGET_NAME)";
				SWIFT_SWIFT3_OBJC_INFERENCE = Default;
				SWIFT_VERSION = 5.0;
			};
			name = Release;
		};
		607FACF31AFB9204008FA782 /* Debug */ = {
			isa = XCBuildConfiguration;
			baseConfigurationReference = 0B5ECA3B41C736ACEE353EB8 /* Pods-WTestToolKit_Tests.debug.xcconfig */;
			buildSettings = {
				FRAMEWORK_SEARCH_PATHS = (
					"$(PLATFORM_DIR)/Developer/Library/Frameworks",
					"$(inherited)",
				);
				GCC_PREPROCESSOR_DEFINITIONS = (
					"DEBUG=1",
					"$(inherited)",
				);
				INFOPLIST_FILE = Tests/Info.plist;
				LD_RUNPATH_SEARCH_PATHS = "$(inherited) @executable_path/Frameworks @loader_path/Frameworks";
				PRODUCT_BUNDLE_IDENTIFIER = "org.cocoapods.$(PRODUCT_NAME:rfc1034identifier)";
				PRODUCT_NAME = "$(TARGET_NAME)";
				SWIFT_SWIFT3_OBJC_INFERENCE = Default;
				SWIFT_VERSION = 5.0;
				TEST_HOST = "$(BUILT_PRODUCTS_DIR)/WTestToolKit_Example.app/WTestToolKit_Example";
			};
			name = Debug;
		};
		607FACF41AFB9204008FA782 /* Release */ = {
			isa = XCBuildConfiguration;
			baseConfigurationReference = 48008626E3B841BE82103E38 /* Pods-WTestToolKit_Tests.release.xcconfig */;
			buildSettings = {
				FRAMEWORK_SEARCH_PATHS = (
					"$(PLATFORM_DIR)/Developer/Library/Frameworks",
					"$(inherited)",
				);
				INFOPLIST_FILE = Tests/Info.plist;
				LD_RUNPATH_SEARCH_PATHS = "$(inherited) @executable_path/Frameworks @loader_path/Frameworks";
				PRODUCT_BUNDLE_IDENTIFIER = "org.cocoapods.$(PRODUCT_NAME:rfc1034identifier)";
				PRODUCT_NAME = "$(TARGET_NAME)";
				SWIFT_SWIFT3_OBJC_INFERENCE = Default;
				SWIFT_VERSION = 5.0;
				TEST_HOST = "$(BUILT_PRODUCTS_DIR)/WTestToolKit_Example.app/WTestToolKit_Example";
			};
			name = Release;
		};
/* End XCBuildConfiguration section */

/* Begin XCConfigurationList section */
		607FACCB1AFB9204008FA782 /* Build configuration list for PBXProject "WTestToolKit" */ = {
			isa = XCConfigurationList;
			buildConfigurations = (
				607FACED1AFB9204008FA782 /* Debug */,
				607FACEE1AFB9204008FA782 /* Release */,
			);
			defaultConfigurationIsVisible = 0;
			defaultConfigurationName = Release;
		};
		607FACEF1AFB9204008FA782 /* Build configuration list for PBXNativeTarget "WTestToolKit_Example" */ = {
			isa = XCConfigurationList;
			buildConfigurations = (
				607FACF01AFB9204008FA782 /* Debug */,
				607FACF11AFB9204008FA782 /* Release */,
			);
			defaultConfigurationIsVisible = 0;
			defaultConfigurationName = Release;
		};
		607FACF21AFB9204008FA782 /* Build configuration list for PBXNativeTarget "WTestToolKit_Tests" */ = {
			isa = XCConfigurationList;
			buildConfigurations = (
				607FACF31AFB9204008FA782 /* Debug */,
				607FACF41AFB9204008FA782 /* Release */,
			);
			defaultConfigurationIsVisible = 0;
			defaultConfigurationName = Release;
		};
/* End XCConfigurationList section */
	};
	rootObject = 607FACC81AFB9204008FA782 /* Project object */;
}
